
Microsoft Visual Studio Solution File, Format Version 12.00
# Visual Studio Version 17
VisualStudioVersion = 17.8.34330.188
MinimumVisualStudioVersion = 10.0.40219.1
Project("{FAE04EC0-301F-11D3-BF4B-00C04F79EFBC}") = "WinFormsApp1", "WinFormsApp1\WinFormsApp1.csproj", "{EE824867-E0DE-4CC9-B935-BF89BE8BBE2E}"
EndProject
Global
	GlobalSection(SolutionConfigurationPlatforms) = preSolution
		Debug|Any CPU = Debug|Any CPU
		Release|Any CPU = Release|Any CPU
	EndGlobalSection
	GlobalSection(ProjectConfigurationPlatforms) = postSolution
		{EE824867-E0DE-4CC9-B935-BF89BE8BBE2E}.Debug|Any CPU.ActiveCfg = Debug|Any CPU
		{EE824867-E0DE-4CC9-B935-BF89BE8BBE2E}.Debug|Any CPU.Build.0 = Debug|Any CPU
		{EE824867-E0DE-4CC9-B935-BF89BE8BBE2E}.Release|Any CPU.ActiveCfg = Release|Any CPU
		{EE824867-E0DE-4CC9-B935-BF89BE8BBE2E}.Release|Any CPU.Build.0 = Release|Any CPU
	EndGlobalSection
	GlobalSection(SolutionProperties) = preSolution
		HideSolutionNode = FALSE
	EndGlobalSection
	GlobalSection(ExtensibilityGlobals) = postSolution
		SolutionGuid = {37690D04-5033-468E-96F2-9FF8FD7EC0CA}
	EndGlobalSection
EndGlobal
